// !$*UTF8*$!
{
	archiveVersion = 1;
	classes = {
	};
	objectVersion = 56;
	objects = {

/* Begin PBXBuildFile section */
		00F685232C6107DF00CCDEB4 /* DessertRecipesApp.swift in Sources */ = {isa = PBXBuildFile; fileRef = 00F685222C6107DF00CCDEB4 /* DessertRecipesApp.swift */; };
		00F685252C6107DF00CCDEB4 /* ContentView.swift in Sources */ = {isa = PBXBuildFile; fileRef = 00F685242C6107DF00CCDEB4 /* ContentView.swift */; };
		00F685272C6107E000CCDEB4 /* Assets.xcassets in Resources */ = {isa = PBXBuildFile; fileRef = 00F685262C6107E000CCDEB4 /* Assets.xcassets */; };
		00F6852A2C6107E000CCDEB4 /* Preview Assets.xcassets in Resources */ = {isa = PBXBuildFile; fileRef = 00F685292C6107E000CCDEB4 /* Preview Assets.xcassets */; };
		00F6853C2C614D2D00CCDEB4 /* DessertRow.swift in Sources */ = {isa = PBXBuildFile; fileRef = 00F6853B2C614D2D00CCDEB4 /* DessertRow.swift */; };
		00F6853E2C614DA300CCDEB4 /* DessertList.swift in Sources */ = {isa = PBXBuildFile; fileRef = 00F6853D2C614DA300CCDEB4 /* DessertList.swift */; };
		00F685402C614F8D00CCDEB4 /* Dessert.swift in Sources */ = {isa = PBXBuildFile; fileRef = 00F6853F2C614F8D00CCDEB4 /* Dessert.swift */; };
		00F685422C61561C00CCDEB4 /* DessertAPI.swift in Sources */ = {isa = PBXBuildFile; fileRef = 00F685412C61561C00CCDEB4 /* DessertAPI.swift */; };
		00F685442C61880700CCDEB4 /* DessertDetail.swift in Sources */ = {isa = PBXBuildFile; fileRef = 00F685432C61880700CCDEB4 /* DessertDetail.swift */; };
		00F685462C626EA800CCDEB4 /* Recipe.swift in Sources */ = {isa = PBXBuildFile; fileRef = 00F685452C626EA800CCDEB4 /* Recipe.swift */; };
/* End PBXBuildFile section */

/* Begin PBXFileReference section */
		00F6851F2C6107DF00CCDEB4 /* DessertRecipes.app */ = {isa = PBXFileReference; explicitFileType = wrapper.application; includeInIndex = 0; path = DessertRecipes.app; sourceTree = BUILT_PRODUCTS_DIR; };
		00F685222C6107DF00CCDEB4 /* DessertRecipesApp.swift */ = {isa = PBXFileReference; lastKnownFileType = sourcecode.swift; path = DessertRecipesApp.swift; sourceTree = "<group>"; };
		00F685242C6107DF00CCDEB4 /* ContentView.swift */ = {isa = PBXFileReference; lastKnownFileType = sourcecode.swift; path = ContentView.swift; sourceTree = "<group>"; };
		00F685262C6107E000CCDEB4 /* Assets.xcassets */ = {isa = PBXFileReference; lastKnownFileType = folder.assetcatalog; path = Assets.xcassets; sourceTree = "<group>"; };
		00F685292C6107E000CCDEB4 /* Preview Assets.xcassets */ = {isa = PBXFileReference; lastKnownFileType = folder.assetcatalog; path = "Preview Assets.xcassets"; sourceTree = "<group>"; };
		00F6853B2C614D2D00CCDEB4 /* DessertRow.swift */ = {isa = PBXFileReference; lastKnownFileType = sourcecode.swift; path = DessertRow.swift; sourceTree = "<group>"; };
		00F6853D2C614DA300CCDEB4 /* DessertList.swift */ = {isa = PBXFileReference; lastKnownFileType = sourcecode.swift; path = DessertList.swift; sourceTree = "<group>"; };
		00F6853F2C614F8D00CCDEB4 /* Dessert.swift */ = {isa = PBXFileReference; lastKnownFileType = sourcecode.swift; path = Dessert.swift; sourceTree = "<group>"; };
		00F685412C61561C00CCDEB4 /* DessertAPI.swift */ = {isa = PBXFileReference; lastKnownFileType = sourcecode.swift; path = DessertAPI.swift; sourceTree = "<group>"; };
		00F685432C61880700CCDEB4 /* DessertDetail.swift */ = {isa = PBXFileReference; lastKnownFileType = sourcecode.swift; path = DessertDetail.swift; sourceTree = "<group>"; };
		00F685452C626EA800CCDEB4 /* Recipe.swift */ = {isa = PBXFileReference; lastKnownFileType = sourcecode.swift; path = Recipe.swift; sourceTree = "<group>"; };
/* End PBXFileReference section */

/* Begin PBXFrameworksBuildPhase section */
		00F6851C2C6107DF00CCDEB4 /* Frameworks */ = {
			isa = PBXFrameworksBuildPhase;
			buildActionMask = 2147483647;
			files = (
			);
			runOnlyForDeploymentPostprocessing = 0;
		};
/* End PBXFrameworksBuildPhase section */

/* Begin PBXGroup section */
		00F685162C6107DF00CCDEB4 = {
			isa = PBXGroup;
			children = (
				00F685212C6107DF00CCDEB4 /* DessertRecipes */,
				00F685202C6107DF00CCDEB4 /* Products */,
			);
			sourceTree = "<group>";
		};
		00F685202C6107DF00CCDEB4 /* Products */ = {
			isa = PBXGroup;
			children = (
				00F6851F2C6107DF00CCDEB4 /* DessertRecipes.app */,
			);
			name = Products;
			sourceTree = "<group>";
		};
		00F685212C6107DF00CCDEB4 /* DessertRecipes */ = {
			isa = PBXGroup;
			children = (
				00F685222C6107DF00CCDEB4 /* DessertRecipesApp.swift */,
				00F685342C61331300CCDEB4 /* Views */,
				00F685242C6107DF00CCDEB4 /* ContentView.swift */,
				00F685372C61336700CCDEB4 /* Desserts */,
				00F685352C61333000CCDEB4 /* Model */,
				00F685362C61334F00CCDEB4 /* ViewModel */,
				00F685262C6107E000CCDEB4 /* Assets.xcassets */,
				00F685282C6107E000CCDEB4 /* Preview Content */,
			);
			path = DessertRecipes;
			sourceTree = "<group>";
		};
		00F685282C6107E000CCDEB4 /* Preview Content */ = {
			isa = PBXGroup;
			children = (
				00F685292C6107E000CCDEB4 /* Preview Assets.xcassets */,
			);
			path = "Preview Content";
			sourceTree = "<group>";
		};
		00F685342C61331300CCDEB4 /* Views */ = {
			isa = PBXGroup;
			children = (
			);
			path = Views;
			sourceTree = "<group>";
		};
		00F685352C61333000CCDEB4 /* Model */ = {
			isa = PBXGroup;
			children = (
				00F6853F2C614F8D00CCDEB4 /* Dessert.swift */,
				00F685452C626EA800CCDEB4 /* Recipe.swift */,
			);
			path = Model;
			sourceTree = "<group>";
		};
		00F685362C61334F00CCDEB4 /* ViewModel */ = {
			isa = PBXGroup;
			children = (
				00F685412C61561C00CCDEB4 /* DessertAPI.swift */,
			);
			path = ViewModel;
			sourceTree = "<group>";
		};
		00F685372C61336700CCDEB4 /* Desserts */ = {
			isa = PBXGroup;
			children = (
				00F6853D2C614DA300CCDEB4 /* DessertList.swift */,
				00F6853B2C614D2D00CCDEB4 /* DessertRow.swift */,
				00F685432C61880700CCDEB4 /* DessertDetail.swift */,
			);
			path = Desserts;
			sourceTree = "<group>";
		};
/* End PBXGroup section */

/* Begin PBXNativeTarget section */
		00F6851E2C6107DF00CCDEB4 /* DessertRecipes */ = {
			isa = PBXNativeTarget;
			buildConfigurationList = 00F6852D2C6107E000CCDEB4 /* Build configuration list for PBXNativeTarget "DessertRecipes" */;
			buildPhases = (
				00F6851B2C6107DF00CCDEB4 /* Sources */,
				00F6851C2C6107DF00CCDEB4 /* Frameworks */,
				00F6851D2C6107DF00CCDEB4 /* Resources */,
			);
			buildRules = (
			);
			dependencies = (
			);
			name = DessertRecipes;
			productName = DessertRecipes;
			productReference = 00F6851F2C6107DF00CCDEB4 /* DessertRecipes.app */;
			productType = "com.apple.product-type.application";
		};
/* End PBXNativeTarget section */

/* Begin PBXProject section */
		00F685172C6107DF00CCDEB4 /* Project object */ = {
			isa = PBXProject;
			attributes = {
				BuildIndependentTargetsInParallel = 1;
				LastSwiftUpdateCheck = 1520;
				LastUpgradeCheck = 1520;
				TargetAttributes = {
					00F6851E2C6107DF00CCDEB4 = {
						CreatedOnToolsVersion = 15.2;
					};
				};
			};
			buildConfigurationList = 00F6851A2C6107DF00CCDEB4 /* Build configuration list for PBXProject "DessertRecipes" */;
			compatibilityVersion = "Xcode 14.0";
			developmentRegion = en;
			hasScannedForEncodings = 0;
			knownRegions = (
				en,
				Base,
			);
			mainGroup = 00F685162C6107DF00CCDEB4;
			productRefGroup = 00F685202C6107DF00CCDEB4 /* Products */;
			projectDirPath = "";
			projectRoot = "";
			targets = (
				00F6851E2C6107DF00CCDEB4 /* DessertRecipes */,
			);
		};
/* End PBXProject section */

/* Begin PBXResourcesBuildPhase section */
		00F6851D2C6107DF00CCDEB4 /* Resources */ = {
			isa = PBXResourcesBuildPhase;
			buildActionMask = 2147483647;
			files = (
				00F6852A2C6107E000CCDEB4 /* Preview Assets.xcassets in Resources */,
				00F685272C6107E000CCDEB4 /* Assets.xcassets in Resources */,
			);
			runOnlyForDeploymentPostprocessing = 0;
		};
/* End PBXResourcesBuildPhase section */

/* Begin PBXSourcesBuildPhase section */
		00F6851B2C6107DF00CCDEB4 /* Sources */ = {
			isa = PBXSourcesBuildPhase;
			buildActionMask = 2147483647;
			files = (
				00F685252C6107DF00CCDEB4 /* ContentView.swift in Sources */,
				00F685232C6107DF00CCDEB4 /* DessertRecipesApp.swift in Sources */,
				00F685422C61561C00CCDEB4 /* DessertAPI.swift in Sources */,
				00F685442C61880700CCDEB4 /* DessertDetail.swift in Sources */,
				00F6853C2C614D2D00CCDEB4 /* DessertRow.swift in Sources */,
				00F6853E2C614DA300CCDEB4 /* DessertList.swift in Sources */,
				00F685462C626EA800CCDEB4 /* Recipe.swift in Sources */,
				00F685402C614F8D00CCDEB4 /* Dessert.swift in Sources */,
			);
			runOnlyForDeploymentPostprocessing = 0;
		};
/* End PBXSourcesBuildPhase section */

/* Begin XCBuildConfiguration section */
		00F6852B2C6107E000CCDEB4 /* Debug */ = {
			isa = XCBuildConfiguration;
			buildSettings = {
				ALWAYS_SEARCH_USER_PATHS = NO;
				ASSETCATALOG_COMPILER_GENERATE_SWIFT_ASSET_SYMBOL_EXTENSIONS = YES;
				CLANG_ANALYZER_NONNULL = YES;
				CLANG_ANALYZER_NUMBER_OBJECT_CONVERSION = YES_AGGRESSIVE;
				CLANG_CXX_LANGUAGE_STANDARD = "gnu++20";
				CLANG_ENABLE_MODULES = YES;
				CLANG_ENABLE_OBJC_ARC = YES;
				CLANG_ENABLE_OBJC_WEAK = YES;
				CLANG_WARN_BLOCK_CAPTURE_AUTORELEASING = YES;
				CLANG_WARN_BOOL_CONVERSION = YES;
				CLANG_WARN_COMMA = YES;
				CLANG_WARN_CONSTANT_CONVERSION = YES;
				CLANG_WARN_DEPRECATED_OBJC_IMPLEMENTATIONS = YES;
				CLANG_WARN_DIRECT_OBJC_ISA_USAGE = YES_ERROR;
				CLANG_WARN_DOCUMENTATION_COMMENTS = YES;
				CLANG_WARN_EMPTY_BODY = YES;
				CLANG_WARN_ENUM_CONVERSION = YES;
				CLANG_WARN_INFINITE_RECURSION = YES;
				CLANG_WARN_INT_CONVERSION = YES;
				CLANG_WARN_NON_LITERAL_NULL_CONVERSION = YES;
				CLANG_WARN_OBJC_IMPLICIT_RETAIN_SELF = YES;
				CLANG_WARN_OBJC_LITERAL_CONVERSION = YES;
				CLANG_WARN_OBJC_ROOT_CLASS = YES_ERROR;
				CLANG_WARN_QUOTED_INCLUDE_IN_FRAMEWORK_HEADER = YES;
				CLANG_WARN_RANGE_LOOP_ANALYSIS = YES;
				CLANG_WARN_STRICT_PROTOTYPES = YES;
				CLANG_WARN_SUSPICIOUS_MOVE = YES;
				CLANG_WARN_UNGUARDED_AVAILABILITY = YES_AGGRESSIVE;
				CLANG_WARN_UNREACHABLE_CODE = YES;
				CLANG_WARN__DUPLICATE_METHOD_MATCH = YES;
				COPY_PHASE_STRIP = NO;
				DEBUG_INFORMATION_FORMAT = dwarf;
				ENABLE_STRICT_OBJC_MSGSEND = YES;
				ENABLE_TESTABILITY = YES;
				ENABLE_USER_SCRIPT_SANDBOXING = YES;
				GCC_C_LANGUAGE_STANDARD = gnu17;
				GCC_DYNAMIC_NO_PIC = NO;
				GCC_NO_COMMON_BLOCKS = YES;
				GCC_OPTIMIZATION_LEVEL = 0;
				GCC_PREPROCESSOR_DEFINITIONS = (
					"DEBUG=1",
					"$(inherited)",
				);
				GCC_WARN_64_TO_32_BIT_CONVERSION = YES;
				GCC_WARN_ABOUT_RETURN_TYPE = YES_ERROR;
				GCC_WARN_UNDECLARED_SELECTOR = YES;
				GCC_WARN_UNINITIALIZED_AUTOS = YES_AGGRESSIVE;
				GCC_WARN_UNUSED_FUNCTION = YES;
				GCC_WARN_UNUSED_VARIABLE = YES;
				IPHONEOS_DEPLOYMENT_TARGET = 17.2;
				LOCALIZATION_PREFERS_STRING_CATALOGS = YES;
				MTL_ENABLE_DEBUG_INFO = INCLUDE_SOURCE;
				MTL_FAST_MATH = YES;
				ONLY_ACTIVE_ARCH = YES;
				SDKROOT = iphoneos;
				SWIFT_ACTIVE_COMPILATION_CONDITIONS = "DEBUG $(inherited)";
				SWIFT_OPTIMIZATION_LEVEL = "-Onone";
			};
			name = Debug;
		};
		00F6852C2C6107E000CCDEB4 /* Release */ = {
			isa = XCBuildConfiguration;
			buildSettings = {
				ALWAYS_SEARCH_USER_PATHS = NO;
				ASSETCATALOG_COMPILER_GENERATE_SWIFT_ASSET_SYMBOL_EXTENSIONS = YES;
				CLANG_ANALYZER_NONNULL = YES;
				CLANG_ANALYZER_NUMBER_OBJECT_CONVERSION = YES_AGGRESSIVE;
				CLANG_CXX_LANGUAGE_STANDARD = "gnu++20";
				CLANG_ENABLE_MODULES = YES;
				CLANG_ENABLE_OBJC_ARC = YES;
				CLANG_ENABLE_OBJC_WEAK = YES;
				CLANG_WARN_BLOCK_CAPTURE_AUTORELEASING = YES;
				CLANG_WARN_BOOL_CONVERSION = YES;
				CLANG_WARN_COMMA = YES;
				CLANG_WARN_CONSTANT_CONVERSION = YES;
				CLANG_WARN_DEPRECATED_OBJC_IMPLEMENTATIONS = YES;
				CLANG_WARN_DIRECT_OBJC_ISA_USAGE = YES_ERROR;
				CLANG_WARN_DOCUMENTATION_COMMENTS = YES;
				CLANG_WARN_EMPTY_BODY = YES;
				CLANG_WARN_ENUM_CONVERSION = YES;
				CLANG_WARN_INFINITE_RECURSION = YES;
				CLANG_WARN_INT_CONVERSION = YES;
				CLANG_WARN_NON_LITERAL_NULL_CONVERSION = YES;
				CLANG_WARN_OBJC_IMPLICIT_RETAIN_SELF = YES;
				CLANG_WARN_OBJC_LITERAL_CONVERSION = YES;
				CLANG_WARN_OBJC_ROOT_CLASS = YES_ERROR;
				CLANG_WARN_QUOTED_INCLUDE_IN_FRAMEWORK_HEADER = YES;
				CLANG_WARN_RANGE_LOOP_ANALYSIS = YES;
				CLANG_WARN_STRICT_PROTOTYPES = YES;
				CLANG_WARN_SUSPICIOUS_MOVE = YES;
				CLANG_WARN_UNGUARDED_AVAILABILITY = YES_AGGRESSIVE;
				CLANG_WARN_UNREACHABLE_CODE = YES;
				CLANG_WARN__DUPLICATE_METHOD_MATCH = YES;
				COPY_PHASE_STRIP = NO;
				DEBUG_INFORMATION_FORMAT = "dwarf-with-dsym";
				ENABLE_NS_ASSERTIONS = NO;
				ENABLE_STRICT_OBJC_MSGSEND = YES;
				ENABLE_USER_SCRIPT_SANDBOXING = YES;
				GCC_C_LANGUAGE_STANDARD = gnu17;
				GCC_NO_COMMON_BLOCKS = YES;
				GCC_WARN_64_TO_32_BIT_CONVERSION = YES;
				GCC_WARN_ABOUT_RETURN_TYPE = YES_ERROR;
				GCC_WARN_UNDECLARED_SELECTOR = YES;
				GCC_WARN_UNINITIALIZED_AUTOS = YES_AGGRESSIVE;
				GCC_WARN_UNUSED_FUNCTION = YES;
				GCC_WARN_UNUSED_VARIABLE = YES;
				IPHONEOS_DEPLOYMENT_TARGET = 17.2;
				LOCALIZATION_PREFERS_STRING_CATALOGS = YES;
				MTL_ENABLE_DEBUG_INFO = NO;
				MTL_FAST_MATH = YES;
				SDKROOT = iphoneos;
				SWIFT_COMPILATION_MODE = wholemodule;
				VALIDATE_PRODUCT = YES;
			};
			name = Release;
		};
		00F6852E2C6107E000CCDEB4 /* Debug */ = {
			isa = XCBuildConfiguration;
			buildSettings = {
				ASSETCATALOG_COMPILER_APPICON_NAME = AppIcon;
				ASSETCATALOG_COMPILER_GLOBAL_ACCENT_COLOR_NAME = AccentColor;
				CODE_SIGN_STYLE = Automatic;
				CURRENT_PROJECT_VERSION = 1;
				DEVELOPMENT_ASSET_PATHS = "\"DessertRecipes/Preview Content\"";
				DEVELOPMENT_TEAM = 9H2D9P8XRY;
				ENABLE_PREVIEWS = YES;
				GENERATE_INFOPLIST_FILE = YES;
				INFOPLIST_KEY_UIApplicationSceneManifest_Generation = YES;
				INFOPLIST_KEY_UIApplicationSupportsIndirectInputEvents = YES;
				INFOPLIST_KEY_UILaunchScreen_Generation = YES;
				INFOPLIST_KEY_UISupportedInterfaceOrientations_iPad = "UIInterfaceOrientationPortrait UIInterfaceOrientationPortraitUpsideDown UIInterfaceOrientationLandscapeLeft UIInterfaceOrientationLandscapeRight";
				INFOPLIST_KEY_UISupportedInterfaceOrientations_iPhone = "UIInterfaceOrientationPortrait UIInterfaceOrientationLandscapeLeft UIInterfaceOrientationLandscapeRight";
				LD_RUNPATH_SEARCH_PATHS = (
					"$(inherited)",
					"@executable_path/Frameworks",
				);
				MARKETING_VERSION = 1.0;
				PRODUCT_BUNDLE_IDENTIFIER = com.danjac.DessertRecipes;
				PRODUCT_NAME = "$(TARGET_NAME)";
				SWIFT_EMIT_LOC_STRINGS = YES;
				SWIFT_VERSION = 5.0;
				TARGETED_DEVICE_FAMILY = "1,2";
			};
			name = Debug;
		};
		00F6852F2C6107E000CCDEB4 /* Release */ = {
			isa = XCBuildConfiguration;
			buildSettings = {
				ASSETCATALOG_COMPILER_APPICON_NAME = AppIcon;
				ASSETCATALOG_COMPILER_GLOBAL_ACCENT_COLOR_NAME = AccentColor;
				CODE_SIGN_STYLE = Automatic;
				CURRENT_PROJECT_VERSION = 1;
				DEVELOPMENT_ASSET_PATHS = "\"DessertRecipes/Preview Content\"";
				DEVELOPMENT_TEAM = 9H2D9P8XRY;
				ENABLE_PREVIEWS = YES;
				GENERATE_INFOPLIST_FILE = YES;
				INFOPLIST_KEY_UIApplicationSceneManifest_Generation = YES;
				INFOPLIST_KEY_UIApplicationSupportsIndirectInputEvents = YES;
				INFOPLIST_KEY_UILaunchScreen_Generation = YES;
				INFOPLIST_KEY_UISupportedInterfaceOrientations_iPad = "UIInterfaceOrientationPortrait UIInterfaceOrientationPortraitUpsideDown UIInterfaceOrientationLandscapeLeft UIInterfaceOrientationLandscapeRight";
				INFOPLIST_KEY_UISupportedInterfaceOrientations_iPhone = "UIInterfaceOrientationPortrait UIInterfaceOrientationLandscapeLeft UIInterfaceOrientationLandscapeRight";
				LD_RUNPATH_SEARCH_PATHS = (
					"$(inherited)",
					"@executable_path/Frameworks",
				);
				MARKETING_VERSION = 1.0;
				PRODUCT_BUNDLE_IDENTIFIER = com.danjac.DessertRecipes;
				PRODUCT_NAME = "$(TARGET_NAME)";
				SWIFT_EMIT_LOC_STRINGS = YES;
				SWIFT_VERSION = 5.0;
				TARGETED_DEVICE_FAMILY = "1,2";
			};
			name = Release;
		};
/* End XCBuildConfiguration section */

/* Begin XCConfigurationList section */
		00F6851A2C6107DF00CCDEB4 /* Build configuration list for PBXProject "DessertRecipes" */ = {
			isa = XCConfigurationList;
			buildConfigurations = (
				00F6852B2C6107E000CCDEB4 /* Debug */,
				00F6852C2C6107E000CCDEB4 /* Release */,
			);
			defaultConfigurationIsVisible = 0;
			defaultConfigurationName = Release;
		};
		00F6852D2C6107E000CCDEB4 /* Build configuration list for PBXNativeTarget "DessertRecipes" */ = {
			isa = XCConfigurationList;
			buildConfigurations = (
				00F6852E2C6107E000CCDEB4 /* Debug */,
				00F6852F2C6107E000CCDEB4 /* Release */,
			);
			defaultConfigurationIsVisible = 0;
			defaultConfigurationName = Release;
		};
/* End XCConfigurationList section */
	};
	rootObject = 00F685172C6107DF00CCDEB4 /* Project object */;
}
